{
  "name": "bugz-cli",
  "version": "1.0.0",
  "lockfileVersion": 2,
  "requires": true,
  "packages": {
    "": {
      "name": "bugz-cli",
      "version": "1.0.0",
      "license": "ISC",
      "dependencies": {
        "bugz-api": "file:../bugz-api",
        "dotenv": "^16.3.1"
      }
    },
    "../bugz-api": {
      "version": "1.0.0",
      "license": "ISC",
      "dependencies": {
        "node-fetch": "^3.3.2",
        "xml2js": "^0.6.2"
      }
    },
    "node_modules/bugz-api": {
      "resolved": "../bugz-api",
      "link": true
    },
    "node_modules/dotenv": {
      "version": "16.3.1",
      "resolved": "https://registry.npmjs.org/dotenv/-/dotenv-16.3.1.tgz",
      "integrity": "sha512-IPzF4w4/Rd94bA9imS68tZBaYyBWSCE47V1RGuMrB94iyTOIEwRmVL2x/4An+6mETpLrKJ5hQkB8W4kFAadeIQ==",
      "engines": {
        "node": ">=12"
      },
      "funding": {
        "url": "https://github.com/motdotla/dotenv?sponsor=1"
      }
    }
  },
  "dependencies": {
    "bugz-api": {
      "version": "file:../bugz-api",
      "requires": {
        "node-fetch": "^3.3.2",
        "xml2js": "^0.6.2"
      }
    },
    "dotenv": {
      "version": "16.3.1",
      "resolved": "https://registry.npmjs.org/dotenv/-/dotenv-16.3.1.tgz",
      "integrity": "sha512-IPzF4w4/Rd94bA9imS68tZBaYyBWSCE47V1RGuMrB94iyTOIEwRmVL2x/4An+6mETpLrKJ5hQkB8W4kFAadeIQ=="
    }
  }
}
